
Microsoft Visual Studio Solution File, Format Version 12.00
# Visual Studio Version 17
VisualStudioVersion = 17.7.34221.43
MinimumVisualStudioVersion = 10.0.40219.1
Project("{FAE04EC0-301F-11D3-BF4B-00C04F79EFBC}") = "ClinicService", "ClinicService\ClinicService.csproj", "{C720243D-AE3D-4101-8756-EA1CF6FFEF9B}"
EndProject
Global
	GlobalSection(SolutionConfigurationPlatforms) = preSolution
		Debug|Any CPU = Debug|Any CPU
		Release|Any CPU = Release|Any CPU
	EndGlobalSection
	GlobalSection(ProjectConfigurationPlatforms) = postSolution
		{C720243D-AE3D-4101-8756-EA1CF6FFEF9B}.Debug|Any CPU.ActiveCfg = Debug|Any CPU
		{C720243D-AE3D-4101-8756-EA1CF6FFEF9B}.Debug|Any CPU.Build.0 = Debug|Any CPU
		{C720243D-AE3D-4101-8756-EA1CF6FFEF9B}.Release|Any CPU.ActiveCfg = Release|Any CPU
		{C720243D-AE3D-4101-8756-EA1CF6FFEF9B}.Release|Any CPU.Build.0 = Release|Any CPU
	EndGlobalSection
	GlobalSection(SolutionProperties) = preSolution
		HideSolutionNode = FALSE
	EndGlobalSection
	GlobalSection(ExtensibilityGlobals) = postSolution
		SolutionGuid = {5DDB188B-AE47-43BA-9253-85784809AD81}
	EndGlobalSection
EndGlobal
